
Microsoft Visual Studio Solution File, Format Version 12.00
# Visual Studio Version 16
VisualStudioVersion = 16.0.31729.503
MinimumVisualStudioVersion = 10.0.40219.1
Project("{FAE04EC0-301F-11D3-BF4B-00C04F79EFBC}") = "ConsoleApp380", "ConsoleApp380.csproj", "{B60FE75C-0B5F-4A91-8394-94B9D17D9901}"
EndProject
Global
	GlobalSection(SolutionConfigurationPlatforms) = preSolution
		Debug|Any CPU = Debug|Any CPU
		Release|Any CPU = Release|Any CPU
	EndGlobalSection
	GlobalSection(ProjectConfigurationPlatforms) = postSolution
		{B60FE75C-0B5F-4A91-8394-94B9D17D9901}.Debug|Any CPU.ActiveCfg = Debug|Any CPU
		{B60FE75C-0B5F-4A91-8394-94B9D17D9901}.Debug|Any CPU.Build.0 = Debug|Any CPU
		{B60FE75C-0B5F-4A91-8394-94B9D17D9901}.Release|Any CPU.ActiveCfg = Release|Any CPU
		{B60FE75C-0B5F-4A91-8394-94B9D17D9901}.Release|Any CPU.Build.0 = Release|Any CPU
	EndGlobalSection
	GlobalSection(SolutionProperties) = preSolution
		HideSolutionNode = FALSE
	EndGlobalSection
	GlobalSection(ExtensibilityGlobals) = postSolution
		SolutionGuid = {B096C569-9116-4486-B820-8C375BE224BD}
	EndGlobalSection
EndGlobal
